// !$*UTF8*$!
{
	archiveVersion = 1;
	classes = {
	};
	objectVersion = 46;
	objects = {

/* Begin PBXBuildFile section */
		03235A1C1EC660B500826310 /* Database in Resources */ = {isa = PBXBuildFile; fileRef = 03235A1B1EC660B500826310 /* Database */; };
		AD4948DB0D65A0DF004D8CFA /* WNAppController.h in Headers */ = {isa = PBXBuildFile; fileRef = 014A841F0015FFB1C347C60C /* WNAppController.h */; };
		AD4948DC0D65A0DF004D8CFA /* WNSearchWindowController.h in Headers */ = {isa = PBXBuildFile; fileRef = 014A84200015FFB1C347C60C /* WNSearchWindowController.h */; };
		AD4948DE0D65A0DF004D8CFA /* WNTextView.h in Headers */ = {isa = PBXBuildFile; fileRef = 014A84220015FFB1C347C60C /* WNTextView.h */; };
		AD4948DF0D65A0DF004D8CFA /* WordNetAccess.h in Headers */ = {isa = PBXBuildFile; fileRef = 014A84440015FFB1C347C60C /* WordNetAccess.h */; settings = {ATTRIBUTES = (Project, ); }; };
		AD4948E00D65A0DF004D8CFA /* WNController.h in Headers */ = {isa = PBXBuildFile; fileRef = 014A84450015FFB1C347C60C /* WNController.h */; settings = {ATTRIBUTES = (Project, ); }; };
		AD4948E10D65A0DF004D8CFA /* WNResult.h in Headers */ = {isa = PBXBuildFile; fileRef = 014A84460015FFB1C347C60C /* WNResult.h */; settings = {ATTRIBUTES = (Project, ); }; };
		AD4948E20D65A0DF004D8CFA /* license.h in Headers */ = {isa = PBXBuildFile; fileRef = 014A84500015FFB1C347C60C /* license.h */; settings = {ATTRIBUTES = (Project, ); }; };
		AD4948E30D65A0DF004D8CFA /* setutil.h in Headers */ = {isa = PBXBuildFile; fileRef = 014A84510015FFB1C347C60C /* setutil.h */; };
		AD4948E40D65A0DF004D8CFA /* wn.h in Headers */ = {isa = PBXBuildFile; fileRef = 014A84520015FFB1C347C60C /* wn.h */; settings = {ATTRIBUTES = (Project, ); }; };
		AD4948E50D65A0DF004D8CFA /* wnconsts.h in Headers */ = {isa = PBXBuildFile; fileRef = 014A84530015FFB1C347C60C /* wnconsts.h */; settings = {ATTRIBUTES = (Project, ); }; };
		AD4948E60D65A0DF004D8CFA /* wnglobal.h in Headers */ = {isa = PBXBuildFile; fileRef = 014A84540015FFB1C347C60C /* wnglobal.h */; settings = {ATTRIBUTES = (Project, ); }; };
		AD4948E70D65A0DF004D8CFA /* wnhelp.h in Headers */ = {isa = PBXBuildFile; fileRef = 014A84550015FFB1C347C60C /* wnhelp.h */; settings = {ATTRIBUTES = (Project, ); }; };
		AD4948E80D65A0DF004D8CFA /* wnrtl.h in Headers */ = {isa = PBXBuildFile; fileRef = 014A84560015FFB1C347C60C /* wnrtl.h */; settings = {ATTRIBUTES = (Project, ); }; };
		AD4948E90D65A0DF004D8CFA /* wntypes.h in Headers */ = {isa = PBXBuildFile; fileRef = 014A84570015FFB1C347C60C /* wntypes.h */; settings = {ATTRIBUTES = (Project, ); }; };
		AD4948EF0D65A0DF004D8CFA /* WordNet.tiff in Resources */ = {isa = PBXBuildFile; fileRef = 014A84310015FFB1C347C60C /* WordNet.tiff */; };
		AD4948F10D65A0DF004D8CFA /* Credits.rtf in Resources */ = {isa = PBXBuildFile; fileRef = 014A84340015FFB1C347C60C /* Credits.rtf */; };
		AD4948F20D65A0DF004D8CFA /* SearchTypes.strings in Resources */ = {isa = PBXBuildFile; fileRef = 014A84480015FFB1C347C60C /* SearchTypes.strings */; };
		AD4948F30D65A0DF004D8CFA /* WordNet.icns in Resources */ = {isa = PBXBuildFile; fileRef = 01C8FAE10065242C7F000001 /* WordNet.icns */; };
		AD4948F70D65A0DF004D8CFA /* WNAppController.m in Sources */ = {isa = PBXBuildFile; fileRef = 014A84180015FFB1C347C60C /* WNAppController.m */; settings = {ATTRIBUTES = (); }; };
		AD4948F80D65A0DF004D8CFA /* WNSearchWindowController.m in Sources */ = {isa = PBXBuildFile; fileRef = 014A84190015FFB1C347C60C /* WNSearchWindowController.m */; settings = {ATTRIBUTES = (); }; };
		AD4948FA0D65A0DF004D8CFA /* WNTextView.m in Sources */ = {isa = PBXBuildFile; fileRef = 014A841B0015FFB1C347C60C /* WNTextView.m */; settings = {ATTRIBUTES = (); }; };
		AD4948FB0D65A0DF004D8CFA /* WordNet_main.m in Sources */ = {isa = PBXBuildFile; fileRef = 014A84240015FFB1C347C60C /* WordNet_main.m */; settings = {ATTRIBUTES = (); }; };
		AD4948FD0D65A0DF004D8CFA /* WNController.m in Sources */ = {isa = PBXBuildFile; fileRef = 014A84410015FFB1C347C60C /* WNController.m */; settings = {ATTRIBUTES = (); }; };
		AD4948FE0D65A0DF004D8CFA /* WNResult.m in Sources */ = {isa = PBXBuildFile; fileRef = 014A84420015FFB1C347C60C /* WNResult.m */; settings = {ATTRIBUTES = (); }; };
		AD4948FF0D65A0DF004D8CFA /* binsrch.c in Sources */ = {isa = PBXBuildFile; fileRef = 014A84590015FFB1C347C60C /* binsrch.c */; settings = {ATTRIBUTES = (); }; };
		AD4949000D65A0DF004D8CFA /* morph.c in Sources */ = {isa = PBXBuildFile; fileRef = 014A845A0015FFB1C347C60C /* morph.c */; settings = {ATTRIBUTES = (); }; };
		AD4949010D65A0DF004D8CFA /* search.c in Sources */ = {isa = PBXBuildFile; fileRef = 014A845B0015FFB1C347C60C /* search.c */; settings = {ATTRIBUTES = (); }; };
		AD4949020D65A0DF004D8CFA /* setutil.c in Sources */ = {isa = PBXBuildFile; fileRef = 014A845C0015FFB1C347C60C /* setutil.c */; settings = {ATTRIBUTES = (); }; };
		AD4949030D65A0DF004D8CFA /* wnglobal.c in Sources */ = {isa = PBXBuildFile; fileRef = 014A845D0015FFB1C347C60C /* wnglobal.c */; settings = {ATTRIBUTES = (); }; };
		AD4949040D65A0DF004D8CFA /* wnhelp.c in Sources */ = {isa = PBXBuildFile; fileRef = 014A845E0015FFB1C347C60C /* wnhelp.c */; settings = {ATTRIBUTES = (); }; };
		AD4949050D65A0DF004D8CFA /* wnrtl.c in Sources */ = {isa = PBXBuildFile; fileRef = 014A845F0015FFB1C347C60C /* wnrtl.c */; settings = {ATTRIBUTES = (); }; };
		AD4949060D65A0DF004D8CFA /* wnutil.c in Sources */ = {isa = PBXBuildFile; fileRef = 014A84600015FFB1C347C60C /* wnutil.c */; settings = {ATTRIBUTES = (); }; };
		AD4949080D65A0DF004D8CFA /* Cocoa.framework in Frameworks */ = {isa = PBXBuildFile; fileRef = 0149F9C0007407687F000001 /* Cocoa.framework */; };
		AD4C8BC21EC12B7F00923F83 /* License.nib in Resources */ = {isa = PBXBuildFile; fileRef = AD4C8BBA1EC12B7F00923F83 /* License.nib */; };
		AD4C8BC41EC12B7F00923F83 /* SearchWindow.nib in Resources */ = {isa = PBXBuildFile; fileRef = AD4C8BBE1EC12B7F00923F83 /* SearchWindow.nib */; };
		AD4C8BC51EC12B7F00923F83 /* WordNet.nib in Resources */ = {isa = PBXBuildFile; fileRef = AD4C8BC01EC12B7F00923F83 /* WordNet.nib */; };
/* End PBXBuildFile section */

/* Begin PBXFileReference section */
		0149F9C0007407687F000001 /* Cocoa.framework */ = {isa = PBXFileReference; lastKnownFileType = wrapper.framework; name = Cocoa.framework; path = /System/Library/Frameworks/Cocoa.framework; sourceTree = "<absolute>"; };
		014A84180015FFB1C347C60C /* WNAppController.m */ = {isa = PBXFileReference; fileEncoding = 30; lastKnownFileType = sourcecode.c.objc; path = WNAppController.m; sourceTree = "<group>"; };
		014A84190015FFB1C347C60C /* WNSearchWindowController.m */ = {isa = PBXFileReference; fileEncoding = 30; lastKnownFileType = sourcecode.c.objc; path = WNSearchWindowController.m; sourceTree = "<group>"; };
		014A841B0015FFB1C347C60C /* WNTextView.m */ = {isa = PBXFileReference; fileEncoding = 30; lastKnownFileType = sourcecode.c.objc; path = WNTextView.m; sourceTree = "<group>"; };
		014A841F0015FFB1C347C60C /* WNAppController.h */ = {isa = PBXFileReference; fileEncoding = 30; lastKnownFileType = sourcecode.c.h; path = WNAppController.h; sourceTree = "<group>"; };
		014A84200015FFB1C347C60C /* WNSearchWindowController.h */ = {isa = PBXFileReference; fileEncoding = 30; lastKnownFileType = sourcecode.c.h; path = WNSearchWindowController.h; sourceTree = "<group>"; };
		014A84220015FFB1C347C60C /* WNTextView.h */ = {isa = PBXFileReference; fileEncoding = 30; lastKnownFileType = sourcecode.c.h; path = WNTextView.h; sourceTree = "<group>"; };
		014A84240015FFB1C347C60C /* WordNet_main.m */ = {isa = PBXFileReference; fileEncoding = 30; lastKnownFileType = sourcecode.c.objc; path = WordNet_main.m; sourceTree = "<group>"; };
		014A84310015FFB1C347C60C /* WordNet.tiff */ = {isa = PBXFileReference; lastKnownFileType = image.tiff; path = WordNet.tiff; sourceTree = "<group>"; };
		014A84350015FFB1C347C60C /* English */ = {isa = PBXFileReference; lastKnownFileType = text.rtf; name = English; path = English.lproj/Credits.rtf; sourceTree = "<group>"; };
		014A84410015FFB1C347C60C /* WNController.m */ = {isa = PBXFileReference; fileEncoding = 30; lastKnownFileType = sourcecode.c.objc; path = WNController.m; sourceTree = "<group>"; };
		014A84420015FFB1C347C60C /* WNResult.m */ = {isa = PBXFileReference; fileEncoding = 30; lastKnownFileType = sourcecode.c.objc; path = WNResult.m; sourceTree = "<group>"; };
		014A84440015FFB1C347C60C /* WordNetAccess.h */ = {isa = PBXFileReference; fileEncoding = 30; lastKnownFileType = sourcecode.c.h; path = WordNetAccess.h; sourceTree = "<group>"; };
		014A84450015FFB1C347C60C /* WNController.h */ = {isa = PBXFileReference; fileEncoding = 30; lastKnownFileType = sourcecode.c.h; path = WNController.h; sourceTree = "<group>"; };
		014A84460015FFB1C347C60C /* WNResult.h */ = {isa = PBXFileReference; fileEncoding = 30; lastKnownFileType = sourcecode.c.h; path = WNResult.h; sourceTree = "<group>"; };
		014A84480015FFB1C347C60C /* SearchTypes.strings */ = {isa = PBXFileReference; fileEncoding = 30; lastKnownFileType = text.plist.strings; path = SearchTypes.strings; sourceTree = "<group>"; };
		014A84500015FFB1C347C60C /* license.h */ = {isa = PBXFileReference; fileEncoding = 30; lastKnownFileType = sourcecode.c.h; path = license.h; sourceTree = "<group>"; };
		014A84510015FFB1C347C60C /* setutil.h */ = {isa = PBXFileReference; fileEncoding = 30; lastKnownFileType = sourcecode.c.h; path = setutil.h; sourceTree = "<group>"; };
		014A84520015FFB1C347C60C /* wn.h */ = {isa = PBXFileReference; fileEncoding = 30; lastKnownFileType = sourcecode.c.h; path = wn.h; sourceTree = "<group>"; };
		014A84530015FFB1C347C60C /* wnconsts.h */ = {isa = PBXFileReference; fileEncoding = 30; lastKnownFileType = sourcecode.c.h; path = wnconsts.h; sourceTree = "<group>"; };
		014A84540015FFB1C347C60C /* wnglobal.h */ = {isa = PBXFileReference; fileEncoding = 30; lastKnownFileType = sourcecode.c.h; path = wnglobal.h; sourceTree = "<group>"; };
		014A84550015FFB1C347C60C /* wnhelp.h */ = {isa = PBXFileReference; fileEncoding = 30; lastKnownFileType = sourcecode.c.h; path = wnhelp.h; sourceTree = "<group>"; };
		014A84560015FFB1C347C60C /* wnrtl.h */ = {isa = PBXFileReference; fileEncoding = 30; lastKnownFileType = sourcecode.c.h; path = wnrtl.h; sourceTree = "<group>"; };
		014A84570015FFB1C347C60C /* wntypes.h */ = {isa = PBXFileReference; fileEncoding = 30; lastKnownFileType = sourcecode.c.h; path = wntypes.h; sourceTree = "<group>"; };
		014A84590015FFB1C347C60C /* binsrch.c */ = {isa = PBXFileReference; fileEncoding = 30; lastKnownFileType = sourcecode.c.c; path = binsrch.c; sourceTree = "<group>"; };
		014A845A0015FFB1C347C60C /* morph.c */ = {isa = PBXFileReference; fileEncoding = 30; lastKnownFileType = sourcecode.c.c; path = morph.c; sourceTree = "<group>"; };
		014A845B0015FFB1C347C60C /* search.c */ = {isa = PBXFileReference; fileEncoding = 30; lastKnownFileType = sourcecode.c.c; path = search.c; sourceTree = "<group>"; };
		014A845C0015FFB1C347C60C /* setutil.c */ = {isa = PBXFileReference; fileEncoding = 30; lastKnownFileType = sourcecode.c.c; path = setutil.c; sourceTree = "<group>"; };
		014A845D0015FFB1C347C60C /* wnglobal.c */ = {isa = PBXFileReference; fileEncoding = 30; lastKnownFileType = sourcecode.c.c; path = wnglobal.c; sourceTree = "<group>"; };
		014A845E0015FFB1C347C60C /* wnhelp.c */ = {isa = PBXFileReference; fileEncoding = 30; lastKnownFileType = sourcecode.c.c; path = wnhelp.c; sourceTree = "<group>"; };
		014A845F0015FFB1C347C60C /* wnrtl.c */ = {isa = PBXFileReference; fileEncoding = 30; lastKnownFileType = sourcecode.c.c; path = wnrtl.c; sourceTree = "<group>"; };
		014A84600015FFB1C347C60C /* wnutil.c */ = {isa = PBXFileReference; fileEncoding = 30; lastKnownFileType = sourcecode.c.c; path = wnutil.c; sourceTree = "<group>"; };
		01C8FAE10065242C7F000001 /* WordNet.icns */ = {isa = PBXFileReference; lastKnownFileType = image.icns; path = WordNet.icns; sourceTree = "<group>"; };
		03235A1B1EC660B500826310 /* Database */ = {isa = PBXFileReference; lastKnownFileType = folder; path = Database; sourceTree = "<group>"; };
		03235A1D1EC66A1800826310 /* WordNetInfo-macos.plist */ = {isa = PBXFileReference; fileEncoding = 4; lastKnownFileType = text.plist.xml; path = "WordNetInfo-macos.plist"; sourceTree = "<group>"; };
		AD49490F0D65A0E0004D8CFA /* WordNet.app */ = {isa = PBXFileReference; explicitFileType = wrapper.application; includeInIndex = 0; path = WordNet.app; sourceTree = BUILT_PRODUCTS_DIR; };
		AD4C8BBB1EC12B7F00923F83 /* English */ = {isa = PBXFileReference; lastKnownFileType = wrapper.nib; name = English; path = English.lproj/License.nib; sourceTree = "<group>"; };
		AD4C8BBF1EC12B7F00923F83 /* English */ = {isa = PBXFileReference; lastKnownFileType = wrapper.nib; name = English; path = English.lproj/SearchWindow.nib; sourceTree = "<group>"; };
		AD4C8BC11EC12B7F00923F83 /* English */ = {isa = PBXFileReference; lastKnownFileType = wrapper.nib; name = English; path = English.lproj/WordNet.nib; sourceTree = "<group>"; };
/* End PBXFileReference section */

/* Begin PBXFrameworksBuildPhase section */
		AD4949070D65A0DF004D8CFA /* Frameworks */ = {
			isa = PBXFrameworksBuildPhase;
			buildActionMask = 2147483647;
			files = (
				AD4949080D65A0DF004D8CFA /* Cocoa.framework in Frameworks */,
			);
			runOnlyForDeploymentPostprocessing = 0;
		};
/* End PBXFrameworksBuildPhase section */

/* Begin PBXGroup section */
		014A84150015FFB1C347C60C /* WordNet */ = {
			isa = PBXGroup;
			children = (
				014A841C0015FFB1C347C60C /* Headers */,
				014A84160015FFB1C347C60C /* Classes */,
				014A84230015FFB1C347C60C /* Other Sources */,
				014A843E0015FFB1C347C60C /* Subprojects */,
				014A84320015FFB1C347C60C /* Resources */,
				014A84650015FFB1C347C60C /* Frameworks */,
				014A846A0015FFB1C347C60C /* Products */,
			);
			name = WordNet;
			sourceTree = "<group>";
		};
		014A84160015FFB1C347C60C /* Classes */ = {
			isa = PBXGroup;
			children = (
				014A84180015FFB1C347C60C /* WNAppController.m */,
				014A84190015FFB1C347C60C /* WNSearchWindowController.m */,
				014A841B0015FFB1C347C60C /* WNTextView.m */,
			);
			name = Classes;
			sourceTree = "<group>";
		};
		014A841C0015FFB1C347C60C /* Headers */ = {
			isa = PBXGroup;
			children = (
				014A841F0015FFB1C347C60C /* WNAppController.h */,
				014A84200015FFB1C347C60C /* WNSearchWindowController.h */,
				014A84220015FFB1C347C60C /* WNTextView.h */,
			);
			name = Headers;
			sourceTree = "<group>";
		};
		014A84230015FFB1C347C60C /* Other Sources */ = {
			isa = PBXGroup;
			children = (
				014A84240015FFB1C347C60C /* WordNet_main.m */,
			);
			name = "Other Sources";
			sourceTree = "<group>";
		};
		014A84320015FFB1C347C60C /* Resources */ = {
			isa = PBXGroup;
			children = (
				03235A1B1EC660B500826310 /* Database */,
				AD4C8BBA1EC12B7F00923F83 /* License.nib */,
				AD4C8BBE1EC12B7F00923F83 /* SearchWindow.nib */,
				AD4C8BC01EC12B7F00923F83 /* WordNet.nib */,
				03235A1D1EC66A1800826310 /* WordNetInfo-macos.plist */,
				01C8FAE10065242C7F000001 /* WordNet.icns */,
				014A84310015FFB1C347C60C /* WordNet.tiff */,
				014A84340015FFB1C347C60C /* Credits.rtf */,
			);
			name = Resources;
			sourceTree = "<group>";
		};
		014A843E0015FFB1C347C60C /* Subprojects */ = {
			isa = PBXGroup;
			children = (
				014A843F0015FFB1C347C60C /* WordNetAccess */,
			);
			name = Subprojects;
			sourceTree = "<group>";
		};
		014A843F0015FFB1C347C60C /* WordNetAccess */ = {
			isa = PBXGroup;
			children = (
				014A84430015FFB1C347C60C /* Headers */,
				014A84400015FFB1C347C60C /* Classes */,
				014A84470015FFB1C347C60C /* Resources */,
				014A844D0015FFB1C347C60C /* Subprojects */,
			);
			name = WordNetAccess;
			path = WordNetAccess.subproj;
			sourceTree = "<group>";
		};
		014A84400015FFB1C347C60C /* Classes */ = {
			isa = PBXGroup;
			children = (
				014A84410015FFB1C347C60C /* WNController.m */,
				014A84420015FFB1C347C60C /* WNResult.m */,
			);
			name = Classes;
			sourceTree = "<group>";
		};
		014A84430015FFB1C347C60C /* Headers */ = {
			isa = PBXGroup;
			children = (
				014A84440015FFB1C347C60C /* WordNetAccess.h */,
				014A84450015FFB1C347C60C /* WNController.h */,
				014A84460015FFB1C347C60C /* WNResult.h */,
			);
			name = Headers;
			sourceTree = "<group>";
		};
		014A84470015FFB1C347C60C /* Resources */ = {
			isa = PBXGroup;
			children = (
				014A84480015FFB1C347C60C /* SearchTypes.strings */,
			);
			name = Resources;
			sourceTree = "<group>";
		};
		014A844D0015FFB1C347C60C /* Subprojects */ = {
			isa = PBXGroup;
			children = (
				014A844E0015FFB1C347C60C /* wnlib */,
			);
			name = Subprojects;
			sourceTree = "<group>";
		};
		014A844E0015FFB1C347C60C /* wnlib */ = {
			isa = PBXGroup;
			children = (
				014A844F0015FFB1C347C60C /* Headers */,
				014A84580015FFB1C347C60C /* Other Sources */,
			);
			name = wnlib;
			path = wnlib.subproj;
			sourceTree = "<group>";
		};
		014A844F0015FFB1C347C60C /* Headers */ = {
			isa = PBXGroup;
			children = (
				014A84500015FFB1C347C60C /* license.h */,
				014A84510015FFB1C347C60C /* setutil.h */,
				014A84520015FFB1C347C60C /* wn.h */,
				014A84530015FFB1C347C60C /* wnconsts.h */,
				014A84540015FFB1C347C60C /* wnglobal.h */,
				014A84550015FFB1C347C60C /* wnhelp.h */,
				014A84560015FFB1C347C60C /* wnrtl.h */,
				014A84570015FFB1C347C60C /* wntypes.h */,
			);
			name = Headers;
			sourceTree = "<group>";
		};
		014A84580015FFB1C347C60C /* Other Sources */ = {
			isa = PBXGroup;
			children = (
				014A84590015FFB1C347C60C /* binsrch.c */,
				014A845A0015FFB1C347C60C /* morph.c */,
				014A845B0015FFB1C347C60C /* search.c */,
				014A845C0015FFB1C347C60C /* setutil.c */,
				014A845D0015FFB1C347C60C /* wnglobal.c */,
				014A845E0015FFB1C347C60C /* wnhelp.c */,
				014A845F0015FFB1C347C60C /* wnrtl.c */,
				014A84600015FFB1C347C60C /* wnutil.c */,
			);
			name = "Other Sources";
			sourceTree = "<group>";
		};
		014A84650015FFB1C347C60C /* Frameworks */ = {
			isa = PBXGroup;
			children = (
				0149F9C0007407687F000001 /* Cocoa.framework */,
			);
			name = Frameworks;
			sourceTree = "<group>";
		};
		014A846A0015FFB1C347C60C /* Products */ = {
			isa = PBXGroup;
			children = (
				AD49490F0D65A0E0004D8CFA /* WordNet.app */,
			);
			name = Products;
			sourceTree = "<group>";
		};
/* End PBXGroup section */

/* Begin PBXHeadersBuildPhase section */
		AD4948D80D65A0DF004D8CFA /* Headers */ = {
			isa = PBXHeadersBuildPhase;
			buildActionMask = 2147483647;
			files = (
				AD4948DB0D65A0DF004D8CFA /* WNAppController.h in Headers */,
				AD4948DC0D65A0DF004D8CFA /* WNSearchWindowController.h in Headers */,
				AD4948DE0D65A0DF004D8CFA /* WNTextView.h in Headers */,
				AD4948DF0D65A0DF004D8CFA /* WordNetAccess.h in Headers */,
				AD4948E00D65A0DF004D8CFA /* WNController.h in Headers */,
				AD4948E10D65A0DF004D8CFA /* WNResult.h in Headers */,
				AD4948E20D65A0DF004D8CFA /* license.h in Headers */,
				AD4948E30D65A0DF004D8CFA /* setutil.h in Headers */,
				AD4948E40D65A0DF004D8CFA /* wn.h in Headers */,
				AD4948E50D65A0DF004D8CFA /* wnconsts.h in Headers */,
				AD4948E60D65A0DF004D8CFA /* wnglobal.h in Headers */,
				AD4948E70D65A0DF004D8CFA /* wnhelp.h in Headers */,
				AD4948E80D65A0DF004D8CFA /* wnrtl.h in Headers */,
				AD4948E90D65A0DF004D8CFA /* wntypes.h in Headers */,
			);
			runOnlyForDeploymentPostprocessing = 0;
		};
/* End PBXHeadersBuildPhase section */

/* Begin PBXNativeTarget section */
		AD4948D70D65A0DF004D8CFA /* WordNet (Application) */ = {
			isa = PBXNativeTarget;
			buildConfigurationList = AD49490A0D65A0DF004D8CFA /* Build configuration list for PBXNativeTarget "WordNet (Application)" */;
			buildPhases = (
				AD4948D80D65A0DF004D8CFA /* Headers */,
				AD4948EA0D65A0DF004D8CFA /* Resources */,
				AD4948F50D65A0DF004D8CFA /* Sources */,
				AD4949070D65A0DF004D8CFA /* Frameworks */,
				AD4949090D65A0DF004D8CFA /* Rez */,
			);
			buildRules = (
			);
			dependencies = (
			);
			name = "WordNet (Application)";
			productInstallPath = /Applications;
			productName = WordNet;
			productReference = AD49490F0D65A0E0004D8CFA /* WordNet.app */;
			productType = "com.apple.product-type.application";
		};
/* End PBXNativeTarget section */

/* Begin PBXProject section */
		014A84140015FFB1C347C60C /* Project object */ = {
			isa = PBXProject;
			attributes = {
				LastUpgradeCheck = 0830;
			};
			buildConfigurationList = AD4948D00D65A0CB004D8CFA /* Build configuration list for PBXProject "WordNetApp" */;
			compatibilityVersion = "Xcode 3.2";
			developmentRegion = English;
			hasScannedForEncodings = 1;
			knownRegions = (
				en,
				English,
			);
			mainGroup = 014A84150015FFB1C347C60C /* WordNet */;
			productRefGroup = 014A846A0015FFB1C347C60C /* Products */;
			projectDirPath = "";
			projectRoot = "";
			targets = (
				AD4948D70D65A0DF004D8CFA /* WordNet (Application) */,
			);
		};
/* End PBXProject section */

/* Begin PBXResourcesBuildPhase section */
		AD4948EA0D65A0DF004D8CFA /* Resources */ = {
			isa = PBXResourcesBuildPhase;
			buildActionMask = 2147483647;
			files = (
				AD4C8BC41EC12B7F00923F83 /* SearchWindow.nib in Resources */,
				AD4C8BC51EC12B7F00923F83 /* WordNet.nib in Resources */,
				AD4C8BC21EC12B7F00923F83 /* License.nib in Resources */,
				AD4948EF0D65A0DF004D8CFA /* WordNet.tiff in Resources */,
				03235A1C1EC660B500826310 /* Database in Resources */,
				AD4948F10D65A0DF004D8CFA /* Credits.rtf in Resources */,
				AD4948F20D65A0DF004D8CFA /* SearchTypes.strings in Resources */,
				AD4948F30D65A0DF004D8CFA /* WordNet.icns in Resources */,
			);
			runOnlyForDeploymentPostprocessing = 0;
		};
/* End PBXResourcesBuildPhase section */

/* Begin PBXRezBuildPhase section */
		AD4949090D65A0DF004D8CFA /* Rez */ = {
			isa = PBXRezBuildPhase;
			buildActionMask = 2147483647;
			files = (
			);
			runOnlyForDeploymentPostprocessing = 0;
		};
/* End PBXRezBuildPhase section */

/* Begin PBXSourcesBuildPhase section */
		AD4948F50D65A0DF004D8CFA /* Sources */ = {
			isa = PBXSourcesBuildPhase;
			buildActionMask = 2147483647;
			files = (
				AD4948F70D65A0DF004D8CFA /* WNAppController.m in Sources */,
				AD4948F80D65A0DF004D8CFA /* WNSearchWindowController.m in Sources */,
				AD4948FA0D65A0DF004D8CFA /* WNTextView.m in Sources */,
				AD4948FB0D65A0DF004D8CFA /* WordNet_main.m in Sources */,
				AD4948FD0D65A0DF004D8CFA /* WNController.m in Sources */,
				AD4948FE0D65A0DF004D8CFA /* WNResult.m in Sources */,
				AD4948FF0D65A0DF004D8CFA /* binsrch.c in Sources */,
				AD4949000D65A0DF004D8CFA /* morph.c in Sources */,
				AD4949010D65A0DF004D8CFA /* search.c in Sources */,
				AD4949020D65A0DF004D8CFA /* setutil.c in Sources */,
				AD4949030D65A0DF004D8CFA /* wnglobal.c in Sources */,
				AD4949040D65A0DF004D8CFA /* wnhelp.c in Sources */,
				AD4949050D65A0DF004D8CFA /* wnrtl.c in Sources */,
				AD4949060D65A0DF004D8CFA /* wnutil.c in Sources */,
			);
			runOnlyForDeploymentPostprocessing = 0;
		};
/* End PBXSourcesBuildPhase section */

/* Begin PBXVariantGroup section */
		014A84340015FFB1C347C60C /* Credits.rtf */ = {
			isa = PBXVariantGroup;
			children = (
				014A84350015FFB1C347C60C /* English */,
			);
			name = Credits.rtf;
			sourceTree = "<group>";
		};
		AD4C8BBA1EC12B7F00923F83 /* License.nib */ = {
			isa = PBXVariantGroup;
			children = (
				AD4C8BBB1EC12B7F00923F83 /* English */,
			);
			name = License.nib;
			sourceTree = "<group>";
		};
		AD4C8BBE1EC12B7F00923F83 /* SearchWindow.nib */ = {
			isa = PBXVariantGroup;
			children = (
				AD4C8BBF1EC12B7F00923F83 /* English */,
			);
			name = SearchWindow.nib;
			sourceTree = "<group>";
		};
		AD4C8BC01EC12B7F00923F83 /* WordNet.nib */ = {
			isa = PBXVariantGroup;
			children = (
				AD4C8BC11EC12B7F00923F83 /* English */,
			);
			name = WordNet.nib;
			sourceTree = "<group>";
		};
/* End PBXVariantGroup section */

/* Begin XCBuildConfiguration section */
		AD4948CA0D65A0CB004D8CFA /* Development */ = {
			isa = XCBuildConfiguration;
			buildSettings = {
				CLANG_ANALYZER_LOCALIZABILITY_NONLOCALIZED = YES;
				CLANG_WARN_BOOL_CONVERSION = YES;
				CLANG_WARN_CONSTANT_CONVERSION = YES;
				CLANG_WARN_EMPTY_BODY = YES;
				CLANG_WARN_ENUM_CONVERSION = YES;
				CLANG_WARN_INFINITE_RECURSION = YES;
				CLANG_WARN_INT_CONVERSION = YES;
				CLANG_WARN_SUSPICIOUS_MOVE = YES;
				CLANG_WARN_UNREACHABLE_CODE = YES;
				CLANG_WARN__DUPLICATE_METHOD_MATCH = YES;
				ENABLE_STRICT_OBJC_MSGSEND = YES;
				ENABLE_TESTABILITY = YES;
				GCC_NO_COMMON_BLOCKS = YES;
				GCC_WARN_64_TO_32_BIT_CONVERSION = YES;
				GCC_WARN_ABOUT_RETURN_TYPE = YES;
				GCC_WARN_UNDECLARED_SELECTOR = YES;
				GCC_WARN_UNINITIALIZED_AUTOS = YES;
				GCC_WARN_UNUSED_FUNCTION = YES;
				GCC_WARN_UNUSED_VARIABLE = YES;
				MACOSX_DEPLOYMENT_TARGET = 10.6;
				ONLY_ACTIVE_ARCH = YES;
			};
			name = Development;
		};
		AD4948CB0D65A0CB004D8CFA /* Deployment */ = {
			isa = XCBuildConfiguration;
			buildSettings = {
				CLANG_ANALYZER_LOCALIZABILITY_NONLOCALIZED = YES;
				CLANG_WARN_BOOL_CONVERSION = YES;
				CLANG_WARN_CONSTANT_CONVERSION = YES;
				CLANG_WARN_EMPTY_BODY = YES;
				CLANG_WARN_ENUM_CONVERSION = YES;
				CLANG_WARN_INFINITE_RECURSION = YES;
				CLANG_WARN_INT_CONVERSION = YES;
				CLANG_WARN_SUSPICIOUS_MOVE = YES;
				CLANG_WARN_UNREACHABLE_CODE = YES;
				CLANG_WARN__DUPLICATE_METHOD_MATCH = YES;
				ENABLE_STRICT_OBJC_MSGSEND = YES;
				GCC_NO_COMMON_BLOCKS = YES;
				GCC_WARN_64_TO_32_BIT_CONVERSION = YES;
				GCC_WARN_ABOUT_RETURN_TYPE = YES;
				GCC_WARN_UNDECLARED_SELECTOR = YES;
				GCC_WARN_UNINITIALIZED_AUTOS = YES;
				GCC_WARN_UNUSED_FUNCTION = YES;
				GCC_WARN_UNUSED_VARIABLE = YES;
				MACOSX_DEPLOYMENT_TARGET = 10.6;
			};
			name = Deployment;
		};
		AD4948CC0D65A0CB004D8CFA /* Default */ = {
			isa = XCBuildConfiguration;
			buildSettings = {
				CLANG_ANALYZER_LOCALIZABILITY_NONLOCALIZED = YES;
				CLANG_WARN_BOOL_CONVERSION = YES;
				CLANG_WARN_CONSTANT_CONVERSION = YES;
				CLANG_WARN_EMPTY_BODY = YES;
				CLANG_WARN_ENUM_CONVERSION = YES;
				CLANG_WARN_INFINITE_RECURSION = YES;
				CLANG_WARN_INT_CONVERSION = YES;
				CLANG_WARN_SUSPICIOUS_MOVE = YES;
				CLANG_WARN_UNREACHABLE_CODE = YES;
				CLANG_WARN__DUPLICATE_METHOD_MATCH = YES;
				ENABLE_STRICT_OBJC_MSGSEND = YES;
				GCC_NO_COMMON_BLOCKS = YES;
				GCC_WARN_64_TO_32_BIT_CONVERSION = YES;
				GCC_WARN_ABOUT_RETURN_TYPE = YES;
				GCC_WARN_UNDECLARED_SELECTOR = YES;
				GCC_WARN_UNINITIALIZED_AUTOS = YES;
				GCC_WARN_UNUSED_FUNCTION = YES;
				GCC_WARN_UNUSED_VARIABLE = YES;
				MACOSX_DEPLOYMENT_TARGET = 10.6;
			};
			name = Default;
		};
		AD49490B0D65A0DF004D8CFA /* Development */ = {
			isa = XCBuildConfiguration;
			buildSettings = {
				COPY_PHASE_STRIP = NO;
				CURRENT_PROJECT_VERSION = 6;
				GCC_ENABLE_FIX_AND_CONTINUE = YES;
				GCC_GENERATE_DEBUGGING_SYMBOLS = YES;
				GCC_OPTIMIZATION_LEVEL = 0;
				GCC_PREPROCESSOR_DEFINITIONS = (
					UNIX,
					unix,
				);
				INFOPLIST_FILE = "WordNetInfo-macos.plist";
				INSTALL_PATH = /Applications;
				OTHER_CFLAGS = "";
				OTHER_LDFLAGS = "";
				PRODUCT_BUNDLE_IDENTIFIER = "com.mulle-kybernetik.wordnet";
				PRODUCT_NAME = WordNet;
				SECTORDER_FLAGS = "";
				VERSIONING_SYSTEM = "apple-generic";
				WARNING_CFLAGS = (
					"-Wmost",
					"-Wno-four-char-constants",
					"-Wno-unknown-pragmas",
				);
				WRAPPER_EXTENSION = app;
			};
			name = Development;
		};
		AD49490C0D65A0DF004D8CFA /* Deployment */ = {
			isa = XCBuildConfiguration;
			buildSettings = {
				COPY_PHASE_STRIP = YES;
				CURRENT_PROJECT_VERSION = 6;
				GCC_ENABLE_FIX_AND_CONTINUE = NO;
				GCC_PREPROCESSOR_DEFINITIONS = (
					UNIX,
					unix,
				);
				INFOPLIST_FILE = "WordNetInfo-macos.plist";
				INSTALL_PATH = /Applications;
				OTHER_CFLAGS = "";
				OTHER_LDFLAGS = "";
				PRODUCT_BUNDLE_IDENTIFIER = "com.mulle-kybernetik.wordnet";
				PRODUCT_NAME = WordNet;
				SECTORDER_FLAGS = "";
				VERSIONING_SYSTEM = "apple-generic";
				WARNING_CFLAGS = (
					"-Wmost",
					"-Wno-four-char-constants",
					"-Wno-unknown-pragmas",
				);
				WRAPPER_EXTENSION = app;
			};
			name = Deployment;
		};
		AD49490D0D65A0DF004D8CFA /* Default */ = {
			isa = XCBuildConfiguration;
			buildSettings = {
				CURRENT_PROJECT_VERSION = 6;
				GCC_PREPROCESSOR_DEFINITIONS = (
					UNIX,
					unix,
				);
				INFOPLIST_FILE = "WordNetInfo-macos.plist";
				INSTALL_PATH = /Applications;
				OTHER_CFLAGS = "";
				OTHER_LDFLAGS = "";
				PRODUCT_BUNDLE_IDENTIFIER = "com.mulle-kybernetik.wordnet";
				PRODUCT_NAME = WordNet;
				SECTORDER_FLAGS = "";
				VERSIONING_SYSTEM = "apple-generic";
				WARNING_CFLAGS = (
					"-Wmost",
					"-Wno-four-char-constants",
					"-Wno-unknown-pragmas",
				);
				WRAPPER_EXTENSION = app;
			};
			name = Default;
		};
/* End XCBuildConfiguration section */

/* Begin XCConfigurationList section */
		AD4948D00D65A0CB004D8CFA /* Build configuration list for PBXProject "WordNetApp" */ = {
			isa = XCConfigurationList;
			buildConfigurations = (
				AD4948CA0D65A0CB004D8CFA /* Development */,
				AD4948CB0D65A0CB004D8CFA /* Deployment */,
				AD4948CC0D65A0CB004D8CFA /* Default */,
			);
			defaultConfigurationIsVisible = 0;
			defaultConfigurationName = Default;
		};
		AD49490A0D65A0DF004D8CFA /* Build configuration list for PBXNativeTarget "WordNet (Application)" */ = {
			isa = XCConfigurationList;
			buildConfigurations = (
				AD49490B0D65A0DF004D8CFA /* Development */,
				AD49490C0D65A0DF004D8CFA /* Deployment */,
				AD49490D0D65A0DF004D8CFA /* Default */,
			);
			defaultConfigurationIsVisible = 0;
			defaultConfigurationName = Default;
		};
/* End XCConfigurationList section */
	};
	rootObject = 014A84140015FFB1C347C60C /* Project object */;
}
