// !$*UTF8*$!
{
	archiveVersion = 1;
	classes = {
	};
	objectVersion = 39;
	objects = {
		0149F9C0007407687F000001 = {
			expectedFileType = wrapper.framework;
			fallbackIsa = PBXFileReference;
			isa = PBXFrameworkReference;
			name = Cocoa.framework;
			path = /System/Library/Frameworks/Cocoa.framework;
			refType = 0;
			sourceTree = "<absolute>";
		};
		014A84140015FFB1C347C60C = {
			buildSettings = {
			};
			buildStyles = (
				1E17A200005EA4A3C347C60C,
				1E17A201005EA4A3C347C60C,
			);
			hasScannedForEncodings = 1;
			isa = PBXProject;
			mainGroup = 014A84150015FFB1C347C60C;
			productRefGroup = 014A846A0015FFB1C347C60C;
			projectDirPath = "";
			targets = (
				AD221FE205566A90004AB04E,
			);
		};
		014A84150015FFB1C347C60C = {
			children = (
				AD9664360556D2880053A744,
				014A841C0015FFB1C347C60C,
				014A84160015FFB1C347C60C,
				014A84230015FFB1C347C60C,
				014A843F0015FFB1C347C60C,
				014A84320015FFB1C347C60C,
				014A84650015FFB1C347C60C,
				014A846A0015FFB1C347C60C,
			);
			isa = PBXGroup;
			name = WordNet;
			refType = 4;
			sourceTree = "<group>";
		};
		014A84160015FFB1C347C60C = {
			children = (
				014A84170015FFB1C347C60C,
				014A84180015FFB1C347C60C,
				014A84190015FFB1C347C60C,
				014A841A0015FFB1C347C60C,
				014A841B0015FFB1C347C60C,
			);
			isa = PBXGroup;
			name = Classes;
			refType = 4;
			sourceTree = "<group>";
		};
		014A84170015FFB1C347C60C = {
			expectedFileType = sourcecode.c.objc;
			fileEncoding = 30;
			isa = PBXFileReference;
			path = EDApplication.m;
			refType = 4;
			sourceTree = "<group>";
		};
		014A84180015FFB1C347C60C = {
			expectedFileType = sourcecode.c.objc;
			fileEncoding = 30;
			isa = PBXFileReference;
			path = WNAppController.m;
			refType = 4;
			sourceTree = "<group>";
		};
		014A84190015FFB1C347C60C = {
			expectedFileType = sourcecode.c.objc;
			fileEncoding = 30;
			isa = PBXFileReference;
			path = WNSearchWindowController.m;
			refType = 4;
			sourceTree = "<group>";
		};
		014A841A0015FFB1C347C60C = {
			expectedFileType = sourcecode.c.objc;
			fileEncoding = 30;
			isa = PBXFileReference;
			path = WNPrefPanelController.m;
			refType = 4;
			sourceTree = "<group>";
		};
		014A841B0015FFB1C347C60C = {
			expectedFileType = sourcecode.c.objc;
			fileEncoding = 30;
			isa = PBXFileReference;
			path = WNTextView.m;
			refType = 4;
			sourceTree = "<group>";
		};
		014A841C0015FFB1C347C60C = {
			children = (
				014A841D0015FFB1C347C60C,
				014A841E0015FFB1C347C60C,
				014A841F0015FFB1C347C60C,
				014A84200015FFB1C347C60C,
				014A84210015FFB1C347C60C,
				014A84220015FFB1C347C60C,
			);
			isa = PBXGroup;
			name = Headers;
			refType = 4;
			sourceTree = "<group>";
		};
		014A841D0015FFB1C347C60C = {
			expectedFileType = sourcecode.c.h;
			fileEncoding = 30;
			isa = PBXFileReference;
			path = EDApplication.h;
			refType = 4;
			sourceTree = "<group>";
		};
		014A841E0015FFB1C347C60C = {
			expectedFileType = sourcecode.c.h;
			fileEncoding = 30;
			isa = PBXFileReference;
			path = Constants.h;
			refType = 4;
			sourceTree = "<group>";
		};
		014A841F0015FFB1C347C60C = {
			expectedFileType = sourcecode.c.h;
			fileEncoding = 30;
			isa = PBXFileReference;
			path = WNAppController.h;
			refType = 4;
			sourceTree = "<group>";
		};
		014A84200015FFB1C347C60C = {
			expectedFileType = sourcecode.c.h;
			fileEncoding = 30;
			isa = PBXFileReference;
			path = WNSearchWindowController.h;
			refType = 4;
			sourceTree = "<group>";
		};
		014A84210015FFB1C347C60C = {
			expectedFileType = sourcecode.c.h;
			fileEncoding = 30;
			isa = PBXFileReference;
			path = WNPrefPanelController.h;
			refType = 4;
			sourceTree = "<group>";
		};
		014A84220015FFB1C347C60C = {
			expectedFileType = sourcecode.c.h;
			fileEncoding = 30;
			isa = PBXFileReference;
			path = WNTextView.h;
			refType = 4;
			sourceTree = "<group>";
		};
		014A84230015FFB1C347C60C = {
			children = (
				014A84240015FFB1C347C60C,
				014A84250015FFB1C347C60C,
			);
			isa = PBXGroup;
			name = "Other Sources";
			refType = 4;
			sourceTree = "<group>";
		};
		014A84240015FFB1C347C60C = {
			expectedFileType = sourcecode.c.objc;
			fileEncoding = 30;
			isa = PBXFileReference;
			path = WordNet_main.m;
			refType = 4;
			sourceTree = "<group>";
		};
		014A84250015FFB1C347C60C = {
			expectedFileType = sourcecode.c.objc;
			fileEncoding = 30;
			isa = PBXFileReference;
			path = Constants.m;
			refType = 4;
			sourceTree = "<group>";
		};
		014A84270015FFB1C347C60C = {
			children = (
				014A84280015FFB1C347C60C,
			);
			isa = PBXVariantGroup;
			name = Preferences.nib;
			path = "";
			refType = 4;
			sourceTree = "<group>";
		};
		014A84280015FFB1C347C60C = {
			expectedFileType = wrapper.nib;
			isa = PBXFileReference;
			name = English;
			path = English.lproj/Preferences.nib;
			refType = 4;
			sourceTree = "<group>";
		};
		014A84290015FFB1C347C60C = {
			children = (
				014A842A0015FFB1C347C60C,
			);
			isa = PBXVariantGroup;
			name = SearchWindow.nib;
			path = "";
			refType = 4;
			sourceTree = "<group>";
		};
		014A842A0015FFB1C347C60C = {
			expectedFileType = wrapper.nib;
			isa = PBXFileReference;
			name = English;
			path = English.lproj/SearchWindow.nib;
			refType = 4;
			sourceTree = "<group>";
		};
		014A842B0015FFB1C347C60C = {
			children = (
				014A842C0015FFB1C347C60C,
			);
			isa = PBXVariantGroup;
			name = WordNet.nib;
			path = "";
			refType = 4;
			sourceTree = "<group>";
		};
		014A842C0015FFB1C347C60C = {
			expectedFileType = wrapper.nib;
			isa = PBXFileReference;
			name = English;
			path = English.lproj/WordNet.nib;
			refType = 4;
			sourceTree = "<group>";
		};
		014A842E0015FFB1C347C60C = {
			children = (
				014A842F0015FFB1C347C60C,
			);
			isa = PBXVariantGroup;
			name = License.nib;
			path = "";
			refType = 4;
			sourceTree = "<group>";
		};
		014A842F0015FFB1C347C60C = {
			expectedFileType = wrapper.nib;
			isa = PBXFileReference;
			name = English;
			path = English.lproj/License.nib;
			refType = 4;
			sourceTree = "<group>";
		};
		014A84310015FFB1C347C60C = {
			expectedFileType = image.tiff;
			isa = PBXFileReference;
			path = WordNet.tiff;
			refType = 4;
			sourceTree = "<group>";
		};
		014A84320015FFB1C347C60C = {
			children = (
				014A84270015FFB1C347C60C,
				014A84290015FFB1C347C60C,
				014A842B0015FFB1C347C60C,
				014A842E0015FFB1C347C60C,
				01C8FAE10065242C7F000001,
				014A84310015FFB1C347C60C,
				014A843D0015FFB1C347C60C,
				AD9663210556AB370053A744,
				014A84330015FFB1C347C60C,
				014A84340015FFB1C347C60C,
			);
			isa = PBXGroup;
			name = Resources;
			refType = 4;
			sourceTree = "<group>";
		};
		014A84330015FFB1C347C60C = {
			expectedFileType = text.plist;
			fileEncoding = 7;
			isa = PBXFileReference;
			path = FactoryDefaults.plist;
			refType = 4;
			sourceTree = "<group>";
		};
		014A84340015FFB1C347C60C = {
			children = (
				014A84350015FFB1C347C60C,
			);
			isa = PBXVariantGroup;
			name = Credits.rtf;
			refType = 4;
			sourceTree = "<group>";
		};
		014A84350015FFB1C347C60C = {
			expectedFileType = text.rtf;
			isa = PBXFileReference;
			name = English;
			path = English.lproj/Credits.rtf;
			refType = 4;
			sourceTree = "<group>";
		};
		014A843D0015FFB1C347C60C = {
			expectedFileType = text.plist;
			fileEncoding = 30;
			isa = PBXFileReference;
			path = CustomInfo.plist;
			refType = 4;
			sourceTree = "<group>";
		};
		014A843F0015FFB1C347C60C = {
			children = (
				014A84430015FFB1C347C60C,
				014A84400015FFB1C347C60C,
				014A84470015FFB1C347C60C,
				014A844E0015FFB1C347C60C,
			);
			isa = PBXGroup;
			name = WordNetAccess;
			path = WordNetAccess.subproj;
			refType = 4;
			sourceTree = "<group>";
		};
		014A84400015FFB1C347C60C = {
			children = (
				014A84410015FFB1C347C60C,
				014A84420015FFB1C347C60C,
			);
			isa = PBXGroup;
			name = Classes;
			refType = 4;
			sourceTree = "<group>";
		};
		014A84410015FFB1C347C60C = {
			expectedFileType = sourcecode.c.objc;
			fileEncoding = 30;
			isa = PBXFileReference;
			path = WNController.m;
			refType = 4;
			sourceTree = "<group>";
		};
		014A84420015FFB1C347C60C = {
			expectedFileType = sourcecode.c.objc;
			fileEncoding = 30;
			isa = PBXFileReference;
			path = WNResult.m;
			refType = 4;
			sourceTree = "<group>";
		};
		014A84430015FFB1C347C60C = {
			children = (
				014A84440015FFB1C347C60C,
				014A84450015FFB1C347C60C,
				014A84460015FFB1C347C60C,
			);
			isa = PBXGroup;
			name = Headers;
			refType = 4;
			sourceTree = "<group>";
		};
		014A84440015FFB1C347C60C = {
			expectedFileType = sourcecode.c.h;
			fileEncoding = 30;
			isa = PBXFileReference;
			path = WordNetAccess.h;
			refType = 4;
			sourceTree = "<group>";
		};
		014A84450015FFB1C347C60C = {
			expectedFileType = sourcecode.c.h;
			fileEncoding = 30;
			isa = PBXFileReference;
			path = WNController.h;
			refType = 4;
			sourceTree = "<group>";
		};
		014A84460015FFB1C347C60C = {
			expectedFileType = sourcecode.c.h;
			fileEncoding = 30;
			isa = PBXFileReference;
			path = WNResult.h;
			refType = 4;
			sourceTree = "<group>";
		};
		014A84470015FFB1C347C60C = {
			children = (
				014A84480015FFB1C347C60C,
			);
			isa = PBXGroup;
			name = Resources;
			refType = 4;
			sourceTree = "<group>";
		};
		014A84480015FFB1C347C60C = {
			expectedFileType = text.plist.strings;
			fileEncoding = 30;
			isa = PBXFileReference;
			path = SearchTypes.strings;
			refType = 4;
			sourceTree = "<group>";
		};
		014A844E0015FFB1C347C60C = {
			children = (
				014A844F0015FFB1C347C60C,
				014A84580015FFB1C347C60C,
			);
			isa = PBXGroup;
			name = wnlib;
			path = wnlib.subproj;
			refType = 4;
			sourceTree = "<group>";
		};
		014A844F0015FFB1C347C60C = {
			children = (
				014A84500015FFB1C347C60C,
				014A84510015FFB1C347C60C,
				014A84520015FFB1C347C60C,
				014A84530015FFB1C347C60C,
				014A84540015FFB1C347C60C,
				014A84550015FFB1C347C60C,
				014A84560015FFB1C347C60C,
				014A84570015FFB1C347C60C,
			);
			isa = PBXGroup;
			name = Headers;
			refType = 4;
			sourceTree = "<group>";
		};
		014A84500015FFB1C347C60C = {
			expectedFileType = sourcecode.c.h;
			fileEncoding = 30;
			isa = PBXFileReference;
			path = license.h;
			refType = 4;
			sourceTree = "<group>";
		};
		014A84510015FFB1C347C60C = {
			expectedFileType = sourcecode.c.h;
			fileEncoding = 30;
			isa = PBXFileReference;
			path = setutil.h;
			refType = 4;
			sourceTree = "<group>";
		};
		014A84520015FFB1C347C60C = {
			expectedFileType = sourcecode.c.h;
			fileEncoding = 30;
			isa = PBXFileReference;
			path = wn.h;
			refType = 4;
			sourceTree = "<group>";
		};
		014A84530015FFB1C347C60C = {
			expectedFileType = sourcecode.c.h;
			fileEncoding = 30;
			isa = PBXFileReference;
			path = wnconsts.h;
			refType = 4;
			sourceTree = "<group>";
		};
		014A84540015FFB1C347C60C = {
			expectedFileType = sourcecode.c.h;
			fileEncoding = 30;
			isa = PBXFileReference;
			path = wnglobal.h;
			refType = 4;
			sourceTree = "<group>";
		};
		014A84550015FFB1C347C60C = {
			expectedFileType = sourcecode.c.h;
			fileEncoding = 30;
			isa = PBXFileReference;
			path = wnhelp.h;
			refType = 4;
			sourceTree = "<group>";
		};
		014A84560015FFB1C347C60C = {
			expectedFileType = sourcecode.c.h;
			fileEncoding = 30;
			isa = PBXFileReference;
			path = wnrtl.h;
			refType = 4;
			sourceTree = "<group>";
		};
		014A84570015FFB1C347C60C = {
			expectedFileType = sourcecode.c.h;
			fileEncoding = 30;
			isa = PBXFileReference;
			path = wntypes.h;
			refType = 4;
			sourceTree = "<group>";
		};
		014A84580015FFB1C347C60C = {
			children = (
				014A84590015FFB1C347C60C,
				014A845A0015FFB1C347C60C,
				014A845B0015FFB1C347C60C,
				014A845C0015FFB1C347C60C,
				014A845D0015FFB1C347C60C,
				014A845E0015FFB1C347C60C,
				014A845F0015FFB1C347C60C,
				014A84600015FFB1C347C60C,
			);
			isa = PBXGroup;
			name = "Other Sources";
			refType = 4;
			sourceTree = "<group>";
		};
		014A84590015FFB1C347C60C = {
			expectedFileType = sourcecode.c.c;
			fileEncoding = 30;
			isa = PBXFileReference;
			path = binsrch.c;
			refType = 4;
			sourceTree = "<group>";
		};
		014A845A0015FFB1C347C60C = {
			expectedFileType = sourcecode.c.c;
			fileEncoding = 30;
			isa = PBXFileReference;
			path = morph.c;
			refType = 4;
			sourceTree = "<group>";
		};
		014A845B0015FFB1C347C60C = {
			expectedFileType = sourcecode.c.c;
			fileEncoding = 30;
			isa = PBXFileReference;
			path = search.c;
			refType = 4;
			sourceTree = "<group>";
		};
		014A845C0015FFB1C347C60C = {
			expectedFileType = sourcecode.c.c;
			fileEncoding = 30;
			isa = PBXFileReference;
			path = setutil.c;
			refType = 4;
			sourceTree = "<group>";
		};
		014A845D0015FFB1C347C60C = {
			expectedFileType = sourcecode.c.c;
			fileEncoding = 30;
			isa = PBXFileReference;
			path = wnglobal.c;
			refType = 4;
			sourceTree = "<group>";
		};
		014A845E0015FFB1C347C60C = {
			expectedFileType = sourcecode.c.c;
			fileEncoding = 30;
			isa = PBXFileReference;
			path = wnhelp.c;
			refType = 4;
			sourceTree = "<group>";
		};
		014A845F0015FFB1C347C60C = {
			expectedFileType = sourcecode.c.c;
			fileEncoding = 30;
			isa = PBXFileReference;
			path = wnrtl.c;
			refType = 4;
			sourceTree = "<group>";
		};
		014A84600015FFB1C347C60C = {
			expectedFileType = sourcecode.c.c;
			fileEncoding = 30;
			isa = PBXFileReference;
			path = wnutil.c;
			refType = 4;
			sourceTree = "<group>";
		};
		014A84650015FFB1C347C60C = {
			children = (
				0149F9C0007407687F000001,
			);
			isa = PBXGroup;
			name = Frameworks;
			refType = 4;
			sourceTree = "<group>";
		};
		014A846A0015FFB1C347C60C = {
			children = (
				AD22201705566A91004AB04E,
			);
			isa = PBXGroup;
			name = Products;
			refType = 4;
			sourceTree = "<group>";
		};
		01C8FAE10065242C7F000001 = {
			expectedFileType = image.icns;
			isa = PBXFileReference;
			path = WordNet.icns;
			refType = 4;
			sourceTree = "<group>";
		};
//010
//011
//012
//013
//014
//1E0
//1E1
//1E2
//1E3
//1E4
		1E17A200005EA4A3C347C60C = {
			buildRules = (
			);
			buildSettings = {
				COPY_PHASE_STRIP = NO;
				GCC_DYNAMIC_NO_PIC = NO;
				GCC_ENABLE_FIX_AND_CONTINUE = YES;
				GCC_GENERATE_DEBUGGING_SYMBOLS = YES;
				GCC_OPTIMIZATION_LEVEL = 0;
				OPTIMIZATION_CFLAGS = "-O0";
				ZERO_LINK = YES;
			};
			isa = PBXBuildStyle;
			name = Development;
		};
		1E17A201005EA4A3C347C60C = {
			buildRules = (
			);
			buildSettings = {
				COPY_PHASE_STRIP = YES;
				GCC_ENABLE_FIX_AND_CONTINUE = NO;
				GCC_GENERATE_DEBUGGING_SYMBOLS = NO;
				GCC_OPTIMIZATION_LEVEL = s;
				UNSTRIPPED_PRODUCT = NO;
				ZERO_LINK = NO;
			};
			isa = PBXBuildStyle;
			name = Deployment;
		};
//1E0
//1E1
//1E2
//1E3
//1E4
//AD0
//AD1
//AD2
//AD3
//AD4
		AD221FE205566A90004AB04E = {
			buildPhases = (
				AD221FE305566A90004AB04E,
				AD221FF505566A90004AB04E,
				AD22200005566A90004AB04E,
				AD22201205566A90004AB04E,
				AD22201405566A90004AB04E,
			);
			buildRules = (
			);
			buildSettings = {
				CURRENT_PROJECT_VERSION = 5;
				FRAMEWORK_SEARCH_PATHS = "";
				GCC_PREPROCESSOR_DEFINITIONS = "UNIX unix";
				GCC_WARN_FOUR_CHARACTER_CONSTANTS = NO;
				GCC_WARN_UNKNOWN_PRAGMAS = NO;
				HEADER_SEARCH_PATHS = "";
				INFOPLIST_FILE = "WordNetInfo-macos.plist";
				INSTALL_PATH = "$(HOME)/Applications";
				LIBRARY_SEARCH_PATHS = "";
				OTHER_CFLAGS = "";
				OTHER_GENERATED_OFILES = "$(VERS_OFILE)";
				OTHER_LDFLAGS = "";
				OTHER_REZFLAGS = "";
				PRODUCT_NAME = WordNet;
				SECTORDER_FLAGS = "";
				VERSIONING_SYSTEM = "apple-generic";
				WARNING_CFLAGS = "-Wmost";
				WRAPPER_EXTENSION = app;
			};
			dependencies = (
			);
			isa = PBXNativeTarget;
			name = WordNet;
			productInstallPath = "$(HOME)/Applications";
			productName = WordNet;
			productReference = AD22201705566A91004AB04E;
			productType = "com.apple.product-type.application";
		};
		AD221FE305566A90004AB04E = {
			buildActionMask = 2147483647;
			files = (
				AD221FE405566A90004AB04E,
				AD221FE505566A90004AB04E,
				AD221FE605566A90004AB04E,
				AD221FE705566A90004AB04E,
				AD221FE805566A90004AB04E,
				AD221FE905566A90004AB04E,
				AD221FEA05566A90004AB04E,
				AD221FEB05566A90004AB04E,
				AD221FEC05566A90004AB04E,
				AD221FED05566A90004AB04E,
				AD221FEE05566A90004AB04E,
				AD221FEF05566A90004AB04E,
				AD221FF005566A90004AB04E,
				AD221FF105566A90004AB04E,
				AD221FF205566A90004AB04E,
				AD221FF305566A90004AB04E,
				AD221FF405566A90004AB04E,
			);
			isa = PBXHeadersBuildPhase;
			runOnlyForDeploymentPostprocessing = 0;
		};
		AD221FE405566A90004AB04E = {
			fileRef = 014A841D0015FFB1C347C60C;
			isa = PBXBuildFile;
			settings = {
			};
		};
		AD221FE505566A90004AB04E = {
			fileRef = 014A841E0015FFB1C347C60C;
			isa = PBXBuildFile;
			settings = {
			};
		};
		AD221FE605566A90004AB04E = {
			fileRef = 014A841F0015FFB1C347C60C;
			isa = PBXBuildFile;
			settings = {
			};
		};
		AD221FE705566A90004AB04E = {
			fileRef = 014A84200015FFB1C347C60C;
			isa = PBXBuildFile;
			settings = {
			};
		};
		AD221FE805566A90004AB04E = {
			fileRef = 014A84210015FFB1C347C60C;
			isa = PBXBuildFile;
			settings = {
			};
		};
		AD221FE905566A90004AB04E = {
			fileRef = 014A84220015FFB1C347C60C;
			isa = PBXBuildFile;
			settings = {
			};
		};
		AD221FEA05566A90004AB04E = {
			fileRef = 014A84440015FFB1C347C60C;
			isa = PBXBuildFile;
			settings = {
				ATTRIBUTES = (
					Project,
				);
			};
		};
		AD221FEB05566A90004AB04E = {
			fileRef = 014A84450015FFB1C347C60C;
			isa = PBXBuildFile;
			settings = {
				ATTRIBUTES = (
					Project,
				);
			};
		};
		AD221FEC05566A90004AB04E = {
			fileRef = 014A84460015FFB1C347C60C;
			isa = PBXBuildFile;
			settings = {
				ATTRIBUTES = (
					Project,
				);
			};
		};
		AD221FED05566A90004AB04E = {
			fileRef = 014A84500015FFB1C347C60C;
			isa = PBXBuildFile;
			settings = {
				ATTRIBUTES = (
					Project,
				);
			};
		};
		AD221FEE05566A90004AB04E = {
			fileRef = 014A84510015FFB1C347C60C;
			isa = PBXBuildFile;
			settings = {
			};
		};
		AD221FEF05566A90004AB04E = {
			fileRef = 014A84520015FFB1C347C60C;
			isa = PBXBuildFile;
			settings = {
				ATTRIBUTES = (
					Project,
				);
			};
		};
		AD221FF005566A90004AB04E = {
			fileRef = 014A84530015FFB1C347C60C;
			isa = PBXBuildFile;
			settings = {
				ATTRIBUTES = (
					Project,
				);
			};
		};
		AD221FF105566A90004AB04E = {
			fileRef = 014A84540015FFB1C347C60C;
			isa = PBXBuildFile;
			settings = {
				ATTRIBUTES = (
					Project,
				);
			};
		};
		AD221FF205566A90004AB04E = {
			fileRef = 014A84550015FFB1C347C60C;
			isa = PBXBuildFile;
			settings = {
				ATTRIBUTES = (
					Project,
				);
			};
		};
		AD221FF305566A90004AB04E = {
			fileRef = 014A84560015FFB1C347C60C;
			isa = PBXBuildFile;
			settings = {
				ATTRIBUTES = (
					Project,
				);
			};
		};
		AD221FF405566A90004AB04E = {
			fileRef = 014A84570015FFB1C347C60C;
			isa = PBXBuildFile;
			settings = {
				ATTRIBUTES = (
					Project,
				);
			};
		};
		AD221FF505566A90004AB04E = {
			buildActionMask = 2147483647;
			files = (
				AD221FF605566A90004AB04E,
				AD221FF705566A90004AB04E,
				AD221FF805566A90004AB04E,
				AD221FF905566A90004AB04E,
				AD221FFA05566A90004AB04E,
				AD221FFB05566A90004AB04E,
				AD221FFC05566A90004AB04E,
				AD221FFD05566A90004AB04E,
				AD221FFE05566A90004AB04E,
			);
			isa = PBXResourcesBuildPhase;
			runOnlyForDeploymentPostprocessing = 0;
		};
		AD221FF605566A90004AB04E = {
			fileRef = 014A84270015FFB1C347C60C;
			isa = PBXBuildFile;
			settings = {
			};
		};
		AD221FF705566A90004AB04E = {
			fileRef = 014A84290015FFB1C347C60C;
			isa = PBXBuildFile;
			settings = {
			};
		};
		AD221FF805566A90004AB04E = {
			fileRef = 014A842B0015FFB1C347C60C;
			isa = PBXBuildFile;
			settings = {
			};
		};
		AD221FF905566A90004AB04E = {
			fileRef = 014A842E0015FFB1C347C60C;
			isa = PBXBuildFile;
			settings = {
			};
		};
		AD221FFA05566A90004AB04E = {
			fileRef = 014A84310015FFB1C347C60C;
			isa = PBXBuildFile;
			settings = {
			};
		};
		AD221FFB05566A90004AB04E = {
			fileRef = 014A84330015FFB1C347C60C;
			isa = PBXBuildFile;
			settings = {
			};
		};
		AD221FFC05566A90004AB04E = {
			fileRef = 014A84340015FFB1C347C60C;
			isa = PBXBuildFile;
			settings = {
			};
		};
		AD221FFD05566A90004AB04E = {
			fileRef = 014A84480015FFB1C347C60C;
			isa = PBXBuildFile;
			settings = {
			};
		};
		AD221FFE05566A90004AB04E = {
			fileRef = 01C8FAE10065242C7F000001;
			isa = PBXBuildFile;
			settings = {
			};
		};
		AD22200005566A90004AB04E = {
			buildActionMask = 2147483647;
			files = (
				AD22200105566A90004AB04E,
				AD22200205566A90004AB04E,
				AD22200305566A90004AB04E,
				AD22200405566A90004AB04E,
				AD22200505566A90004AB04E,
				AD22200605566A90004AB04E,
				AD22200705566A90004AB04E,
				AD22200805566A90004AB04E,
				AD22200905566A90004AB04E,
				AD22200A05566A90004AB04E,
				AD22200B05566A90004AB04E,
				AD22200C05566A90004AB04E,
				AD22200D05566A90004AB04E,
				AD22200E05566A90004AB04E,
				AD22200F05566A90004AB04E,
				AD22201005566A90004AB04E,
				AD22201105566A90004AB04E,
			);
			isa = PBXSourcesBuildPhase;
			runOnlyForDeploymentPostprocessing = 0;
		};
		AD22200105566A90004AB04E = {
			fileRef = 014A84170015FFB1C347C60C;
			isa = PBXBuildFile;
			settings = {
				ATTRIBUTES = (
				);
			};
		};
		AD22200205566A90004AB04E = {
			fileRef = 014A84180015FFB1C347C60C;
			isa = PBXBuildFile;
			settings = {
				ATTRIBUTES = (
				);
			};
		};
		AD22200305566A90004AB04E = {
			fileRef = 014A84190015FFB1C347C60C;
			isa = PBXBuildFile;
			settings = {
				ATTRIBUTES = (
				);
			};
		};
		AD22200405566A90004AB04E = {
			fileRef = 014A841A0015FFB1C347C60C;
			isa = PBXBuildFile;
			settings = {
				ATTRIBUTES = (
				);
			};
		};
		AD22200505566A90004AB04E = {
			fileRef = 014A841B0015FFB1C347C60C;
			isa = PBXBuildFile;
			settings = {
				ATTRIBUTES = (
				);
			};
		};
		AD22200605566A90004AB04E = {
			fileRef = 014A84240015FFB1C347C60C;
			isa = PBXBuildFile;
			settings = {
				ATTRIBUTES = (
				);
			};
		};
		AD22200705566A90004AB04E = {
			fileRef = 014A84250015FFB1C347C60C;
			isa = PBXBuildFile;
			settings = {
				ATTRIBUTES = (
				);
			};
		};
		AD22200805566A90004AB04E = {
			fileRef = 014A84410015FFB1C347C60C;
			isa = PBXBuildFile;
			settings = {
				ATTRIBUTES = (
				);
			};
		};
		AD22200905566A90004AB04E = {
			fileRef = 014A84420015FFB1C347C60C;
			isa = PBXBuildFile;
			settings = {
				ATTRIBUTES = (
				);
			};
		};
		AD22200A05566A90004AB04E = {
			fileRef = 014A84590015FFB1C347C60C;
			isa = PBXBuildFile;
			settings = {
				ATTRIBUTES = (
				);
			};
		};
		AD22200B05566A90004AB04E = {
			fileRef = 014A845A0015FFB1C347C60C;
			isa = PBXBuildFile;
			settings = {
				ATTRIBUTES = (
				);
			};
		};
		AD22200C05566A90004AB04E = {
			fileRef = 014A845B0015FFB1C347C60C;
			isa = PBXBuildFile;
			settings = {
				ATTRIBUTES = (
				);
			};
		};
		AD22200D05566A90004AB04E = {
			fileRef = 014A845C0015FFB1C347C60C;
			isa = PBXBuildFile;
			settings = {
				ATTRIBUTES = (
				);
			};
		};
		AD22200E05566A90004AB04E = {
			fileRef = 014A845D0015FFB1C347C60C;
			isa = PBXBuildFile;
			settings = {
				ATTRIBUTES = (
				);
			};
		};
		AD22200F05566A90004AB04E = {
			fileRef = 014A845E0015FFB1C347C60C;
			isa = PBXBuildFile;
			settings = {
				ATTRIBUTES = (
				);
			};
		};
		AD22201005566A90004AB04E = {
			fileRef = 014A845F0015FFB1C347C60C;
			isa = PBXBuildFile;
			settings = {
				ATTRIBUTES = (
				);
			};
		};
		AD22201105566A90004AB04E = {
			fileRef = 014A84600015FFB1C347C60C;
			isa = PBXBuildFile;
			settings = {
				ATTRIBUTES = (
				);
			};
		};
		AD22201205566A90004AB04E = {
			buildActionMask = 2147483647;
			files = (
				AD22201305566A90004AB04E,
			);
			isa = PBXFrameworksBuildPhase;
			runOnlyForDeploymentPostprocessing = 0;
		};
		AD22201305566A90004AB04E = {
			fileRef = 0149F9C0007407687F000001;
			isa = PBXBuildFile;
			settings = {
			};
		};
		AD22201405566A90004AB04E = {
			buildActionMask = 2147483647;
			files = (
			);
			isa = PBXRezBuildPhase;
			runOnlyForDeploymentPostprocessing = 0;
		};
		AD22201705566A91004AB04E = {
			expectedFileType = wrapper.application;
			includeInIndex = 0;
			isa = PBXFileReference;
			path = WordNet.app;
			refType = 3;
			sourceTree = BUILT_PRODUCTS_DIR;
		};
		AD96631C0556AA7F0053A744 = {
			expectedFileType = text.plist;
			fileEncoding = 30;
			isa = PBXFileReference;
			name = Global;
			path = WordNetInfo.plist;
			refType = 4;
			sourceTree = "<group>";
		};
		AD9663210556AB370053A744 = {
			children = (
				AD96631C0556AA7F0053A744,
				AD9663220556AB370053A744,
			);
			isa = PBXVariantGroup;
			name = WordNetInfo.plist;
			refType = 4;
			sourceTree = "<group>";
		};
		AD9663220556AB370053A744 = {
			expectedFileType = text.plist;
			isa = PBXFileReference;
			name = "Global - macos";
			path = "WordNetInfo-macos.plist";
			refType = 4;
			sourceTree = "<group>";
		};
		AD9664350556D27D0053A744 = {
			expectedFileType = text.rtf;
			isa = PBXFileReference;
			name = README.rtf;
			path = "/var/automount/Network/Users/znek/Projects/mulle-private-cvs/WordNetApp/README.rtf";
			refType = 0;
			sourceTree = "<absolute>";
		};
		AD9664360556D2880053A744 = {
			children = (
				AD9664350556D27D0053A744,
			);
			isa = PBXGroup;
			name = README;
			refType = 4;
			sourceTree = "<group>";
		};
	};
	rootObject = 014A84140015FFB1C347C60C;
}
